
Microsoft Visual Studio Solution File, Format Version 12.00
# Visual Studio Version 17
VisualStudioVersion = 17.5.002.0
MinimumVisualStudioVersion = 10.0.40219.1
Project("{9A19103F-16F7-4668-BE54-9A1E7A4F7556}") = "Homework for seminar 6", "Homework for seminar 6\Homework for seminar 6.csproj", "{74CF5B57-4DD4-4D74-BC14-76BAA883788E}"
EndProject
Project("{9A19103F-16F7-4668-BE54-9A1E7A4F7556}") = "Homework1", "Homework1\Homework1.csproj", "{AF565617-F0BE-4AC1-BBD6-DCFA76A2E437}"
EndProject
Global
	GlobalSection(SolutionConfigurationPlatforms) = preSolution
		Debug|Any CPU = Debug|Any CPU
		Release|Any CPU = Release|Any CPU
	EndGlobalSection
	GlobalSection(ProjectConfigurationPlatforms) = postSolution
		{74CF5B57-4DD4-4D74-BC14-76BAA883788E}.Debug|Any CPU.ActiveCfg = Debug|Any CPU
		{74CF5B57-4DD4-4D74-BC14-76BAA883788E}.Debug|Any CPU.Build.0 = Debug|Any CPU
		{74CF5B57-4DD4-4D74-BC14-76BAA883788E}.Release|Any CPU.ActiveCfg = Release|Any CPU
		{74CF5B57-4DD4-4D74-BC14-76BAA883788E}.Release|Any CPU.Build.0 = Release|Any CPU
		{AF565617-F0BE-4AC1-BBD6-DCFA76A2E437}.Debug|Any CPU.ActiveCfg = Debug|Any CPU
		{AF565617-F0BE-4AC1-BBD6-DCFA76A2E437}.Debug|Any CPU.Build.0 = Debug|Any CPU
		{AF565617-F0BE-4AC1-BBD6-DCFA76A2E437}.Release|Any CPU.ActiveCfg = Release|Any CPU
		{AF565617-F0BE-4AC1-BBD6-DCFA76A2E437}.Release|Any CPU.Build.0 = Release|Any CPU
	EndGlobalSection
	GlobalSection(SolutionProperties) = preSolution
		HideSolutionNode = FALSE
	EndGlobalSection
	GlobalSection(ExtensibilityGlobals) = postSolution
		SolutionGuid = {DE6743F5-EA0B-48D8-9D24-D8D38CB327DE}
	EndGlobalSection
EndGlobal
